
Microsoft Visual Studio Solution File, Format Version 12.00
# Visual Studio 2012
Project("{F088123C-0E9E-452A-89E6-6BA2F21D5CAC}") = "vente_embarque", "vente_embarque\vente_embarque.modelproj", "{218F9ECE-E636-4396-8A4C-3BB6259F0003}"
EndProject
Project("{FAE04EC0-301F-11D3-BF4B-00C04F79EFBC}") = "vente_embarque.Test", "vente_embarque.Test\vente_embarque.Test.csproj", "{C96F55E8-DD3C-441B-AF0C-F7AA29C7DAF3}"
EndProject
Project("{FAE04EC0-301F-11D3-BF4B-00C04F79EFBC}") = "vente_embarque.Core", "vente_embarque.Core\vente_embarque.Core.csproj", "{4DA052E4-984D-49BC-8F45-9F001825F94A}"
EndProject
Project("{FAE04EC0-301F-11D3-BF4B-00C04F79EFBC}") = "vente_embarque.DataLayer", "vente_embarque.DataLayer\vente_embarque.DataLayer.csproj", "{59670109-81BC-4321-81E2-4F3A099D05C0}"
EndProject
Project("{FAE04EC0-301F-11D3-BF4B-00C04F79EFBC}") = "vente_embarque.Model", "vente_embarque.Model\vente_embarque.Model.csproj", "{2E56604B-794E-4753-8F34-AADA359DA8B5}"
EndProject
Project("{FAE04EC0-301F-11D3-BF4B-00C04F79EFBC}") = "vente_embarque.win.UI", "DevExpress.MailClient.Win\vente_embarque.win.UI.csproj", "{1C2E33FD-0D9D-423E-A02A-F457A94C97D6}"
EndProject
Project("{FAE04EC0-301F-11D3-BF4B-00C04F79EFBC}") = "vente_embarque.presenter", "vente_embarque.presenter\vente_embarque.presenter.csproj", "{847815DD-A040-4190-A8E8-0D5AC63E243D}"
EndProject
Global
	GlobalSection(SolutionConfigurationPlatforms) = preSolution
		Debug|Any CPU = Debug|Any CPU
		EasyTest|Any CPU = EasyTest|Any CPU
		Release|Any CPU = Release|Any CPU
	EndGlobalSection
	GlobalSection(ProjectConfigurationPlatforms) = postSolution
		{218F9ECE-E636-4396-8A4C-3BB6259F0003}.Debug|Any CPU.ActiveCfg = Debug|Any CPU
		{218F9ECE-E636-4396-8A4C-3BB6259F0003}.Debug|Any CPU.Build.0 = Debug|Any CPU
		{218F9ECE-E636-4396-8A4C-3BB6259F0003}.EasyTest|Any CPU.ActiveCfg = Release|Any CPU
		{218F9ECE-E636-4396-8A4C-3BB6259F0003}.EasyTest|Any CPU.Build.0 = Release|Any CPU
		{218F9ECE-E636-4396-8A4C-3BB6259F0003}.Release|Any CPU.ActiveCfg = Release|Any CPU
		{218F9ECE-E636-4396-8A4C-3BB6259F0003}.Release|Any CPU.Build.0 = Release|Any CPU
		{C96F55E8-DD3C-441B-AF0C-F7AA29C7DAF3}.Debug|Any CPU.ActiveCfg = Debug|Any CPU
		{C96F55E8-DD3C-441B-AF0C-F7AA29C7DAF3}.Debug|Any CPU.Build.0 = Debug|Any CPU
		{C96F55E8-DD3C-441B-AF0C-F7AA29C7DAF3}.EasyTest|Any CPU.ActiveCfg = Release|Any CPU
		{C96F55E8-DD3C-441B-AF0C-F7AA29C7DAF3}.EasyTest|Any CPU.Build.0 = Release|Any CPU
		{C96F55E8-DD3C-441B-AF0C-F7AA29C7DAF3}.Release|Any CPU.ActiveCfg = Release|Any CPU
		{C96F55E8-DD3C-441B-AF0C-F7AA29C7DAF3}.Release|Any CPU.Build.0 = Release|Any CPU
		{4DA052E4-984D-49BC-8F45-9F001825F94A}.Debug|Any CPU.ActiveCfg = Debug|Any CPU
		{4DA052E4-984D-49BC-8F45-9F001825F94A}.Debug|Any CPU.Build.0 = Debug|Any CPU
		{4DA052E4-984D-49BC-8F45-9F001825F94A}.EasyTest|Any CPU.ActiveCfg = Release|Any CPU
		{4DA052E4-984D-49BC-8F45-9F001825F94A}.EasyTest|Any CPU.Build.0 = Release|Any CPU
		{4DA052E4-984D-49BC-8F45-9F001825F94A}.Release|Any CPU.ActiveCfg = Release|Any CPU
		{4DA052E4-984D-49BC-8F45-9F001825F94A}.Release|Any CPU.Build.0 = Release|Any CPU
		{59670109-81BC-4321-81E2-4F3A099D05C0}.Debug|Any CPU.ActiveCfg = Debug|Any CPU
		{59670109-81BC-4321-81E2-4F3A099D05C0}.Debug|Any CPU.Build.0 = Debug|Any CPU
		{59670109-81BC-4321-81E2-4F3A099D05C0}.EasyTest|Any CPU.ActiveCfg = Release|Any CPU
		{59670109-81BC-4321-81E2-4F3A099D05C0}.EasyTest|Any CPU.Build.0 = Release|Any CPU
		{59670109-81BC-4321-81E2-4F3A099D05C0}.Release|Any CPU.ActiveCfg = Release|Any CPU
		{59670109-81BC-4321-81E2-4F3A099D05C0}.Release|Any CPU.Build.0 = Release|Any CPU
		{2E56604B-794E-4753-8F34-AADA359DA8B5}.Debug|Any CPU.ActiveCfg = Debug|Any CPU
		{2E56604B-794E-4753-8F34-AADA359DA8B5}.Debug|Any CPU.Build.0 = Debug|Any CPU
		{2E56604B-794E-4753-8F34-AADA359DA8B5}.EasyTest|Any CPU.ActiveCfg = Release|Any CPU
		{2E56604B-794E-4753-8F34-AADA359DA8B5}.EasyTest|Any CPU.Build.0 = Release|Any CPU
		{2E56604B-794E-4753-8F34-AADA359DA8B5}.Release|Any CPU.ActiveCfg = Release|Any CPU
		{2E56604B-794E-4753-8F34-AADA359DA8B5}.Release|Any CPU.Build.0 = Release|Any CPU
		{1C2E33FD-0D9D-423E-A02A-F457A94C97D6}.Debug|Any CPU.ActiveCfg = Debug|Any CPU
		{1C2E33FD-0D9D-423E-A02A-F457A94C97D6}.Debug|Any CPU.Build.0 = Debug|Any CPU
		{1C2E33FD-0D9D-423E-A02A-F457A94C97D6}.EasyTest|Any CPU.ActiveCfg = Release|Any CPU
		{1C2E33FD-0D9D-423E-A02A-F457A94C97D6}.EasyTest|Any CPU.Build.0 = Release|Any CPU
		{1C2E33FD-0D9D-423E-A02A-F457A94C97D6}.Release|Any CPU.ActiveCfg = Release|Any CPU
		{1C2E33FD-0D9D-423E-A02A-F457A94C97D6}.Release|Any CPU.Build.0 = Release|Any CPU
		{847815DD-A040-4190-A8E8-0D5AC63E243D}.Debug|Any CPU.ActiveCfg = Debug|Any CPU
		{847815DD-A040-4190-A8E8-0D5AC63E243D}.Debug|Any CPU.Build.0 = Debug|Any CPU
		{847815DD-A040-4190-A8E8-0D5AC63E243D}.EasyTest|Any CPU.ActiveCfg = Release|Any CPU
		{847815DD-A040-4190-A8E8-0D5AC63E243D}.EasyTest|Any CPU.Build.0 = Release|Any CPU
		{847815DD-A040-4190-A8E8-0D5AC63E243D}.Release|Any CPU.ActiveCfg = Release|Any CPU
		{847815DD-A040-4190-A8E8-0D5AC63E243D}.Release|Any CPU.Build.0 = Release|Any CPU
	EndGlobalSection
	GlobalSection(SolutionProperties) = preSolution
		HideSolutionNode = FALSE
	EndGlobalSection
EndGlobal
